{
  "name": "ask-dvc",
  "lockfileVersion": 3,
  "requires": true,
  "packages": {
    "": {
      "dependencies": {
        "icheck-material": "^1.0.1"
      }
    },
    "node_modules/icheck-material": {
      "version": "1.0.1",
      "resolved": "https://registry.npmjs.org/icheck-material/-/icheck-material-1.0.1.tgz",
      "integrity": "sha512-uruQ7el8Jq/7mTiW/+TC694g1hsdf7XgjGSbqccuIfMketEqy5OubDnBOUjaRYdNdeVQORnUBzTnVEIdjG7l/A==",
      "license": "MIT"
    }
  }
}
